// !$*UTF8*$!
{
	archiveVersion = 1;
	classes = {
	};
	objectVersion = 56;
	objects = {

/* Begin PBXBuildFile section */
		6A5373992A1BD4DC007E6A08 /* AppDelegate.swift in Sources */ = {isa = PBXBuildFile; fileRef = 6A5373982A1BD4DC007E6A08 /* AppDelegate.swift */; };
		6A53739B2A1BD4DC007E6A08 /* SceneDelegate.swift in Sources */ = {isa = PBXBuildFile; fileRef = 6A53739A2A1BD4DC007E6A08 /* SceneDelegate.swift */; };
		6A53739D2A1BD4DC007E6A08 /* ViewController.swift in Sources */ = {isa = PBXBuildFile; fileRef = 6A53739C2A1BD4DC007E6A08 /* ViewController.swift */; };
		6A5373A02A1BD4DC007E6A08 /* Main.storyboard in Resources */ = {isa = PBXBuildFile; fileRef = 6A53739E2A1BD4DC007E6A08 /* Main.storyboard */; };
		6A5373A22A1BD4DD007E6A08 /* Assets.xcassets in Resources */ = {isa = PBXBuildFile; fileRef = 6A5373A12A1BD4DD007E6A08 /* Assets.xcassets */; };
		6A5373A52A1BD4DD007E6A08 /* LaunchScreen.storyboard in Resources */ = {isa = PBXBuildFile; fileRef = 6A5373A32A1BD4DD007E6A08 /* LaunchScreen.storyboard */; };
		6A5373B02A1BD4DD007E6A08 /* NewAppTests.swift in Sources */ = {isa = PBXBuildFile; fileRef = 6A5373AF2A1BD4DD007E6A08 /* NewAppTests.swift */; };
		6A5373BA2A1BD4DD007E6A08 /* NewAppUITests.swift in Sources */ = {isa = PBXBuildFile; fileRef = 6A5373B92A1BD4DD007E6A08 /* NewAppUITests.swift */; };
		6A5373BC2A1BD4DD007E6A08 /* NewAppUITestsLaunchTests.swift in Sources */ = {isa = PBXBuildFile; fileRef = 6A5373BB2A1BD4DD007E6A08 /* NewAppUITestsLaunchTests.swift */; };
		6A5373C92A1BD8B2007E6A08 /* APICaller.swift in Sources */ = {isa = PBXBuildFile; fileRef = 6A5373C82A1BD8B2007E6A08 /* APICaller.swift */; };
		6AD96CFF2A1E784600FE4A56 /* NewsTableViewCell.swift in Sources */ = {isa = PBXBuildFile; fileRef = 6AD96CFE2A1E784600FE4A56 /* NewsTableViewCell.swift */; };
/* End PBXBuildFile section */

/* Begin PBXContainerItemProxy section */
		6A5373AC2A1BD4DD007E6A08 /* PBXContainerItemProxy */ = {
			isa = PBXContainerItemProxy;
			containerPortal = 6A53738D2A1BD4DC007E6A08 /* Project object */;
			proxyType = 1;
			remoteGlobalIDString = 6A5373942A1BD4DC007E6A08;
			remoteInfo = NewApp;
		};
		6A5373B62A1BD4DD007E6A08 /* PBXContainerItemProxy */ = {
			isa = PBXContainerItemProxy;
			containerPortal = 6A53738D2A1BD4DC007E6A08 /* Project object */;
			proxyType = 1;
			remoteGlobalIDString = 6A5373942A1BD4DC007E6A08;
			remoteInfo = NewApp;
		};
/* End PBXContainerItemProxy section */

/* Begin PBXFileReference section */
		6A5373952A1BD4DC007E6A08 /* NewApp.app */ = {isa = PBXFileReference; explicitFileType = wrapper.application; includeInIndex = 0; path = NewApp.app; sourceTree = BUILT_PRODUCTS_DIR; };
		6A5373982A1BD4DC007E6A08 /* AppDelegate.swift */ = {isa = PBXFileReference; lastKnownFileType = sourcecode.swift; path = AppDelegate.swift; sourceTree = "<group>"; };
		6A53739A2A1BD4DC007E6A08 /* SceneDelegate.swift */ = {isa = PBXFileReference; lastKnownFileType = sourcecode.swift; path = SceneDelegate.swift; sourceTree = "<group>"; };
		6A53739C2A1BD4DC007E6A08 /* ViewController.swift */ = {isa = PBXFileReference; lastKnownFileType = sourcecode.swift; path = ViewController.swift; sourceTree = "<group>"; };
		6A53739F2A1BD4DC007E6A08 /* Base */ = {isa = PBXFileReference; lastKnownFileType = file.storyboard; name = Base; path = Base.lproj/Main.storyboard; sourceTree = "<group>"; };
		6A5373A12A1BD4DD007E6A08 /* Assets.xcassets */ = {isa = PBXFileReference; lastKnownFileType = folder.assetcatalog; path = Assets.xcassets; sourceTree = "<group>"; };
		6A5373A42A1BD4DD007E6A08 /* Base */ = {isa = PBXFileReference; lastKnownFileType = file.storyboard; name = Base; path = Base.lproj/LaunchScreen.storyboard; sourceTree = "<group>"; };
		6A5373A62A1BD4DD007E6A08 /* Info.plist */ = {isa = PBXFileReference; lastKnownFileType = text.plist.xml; path = Info.plist; sourceTree = "<group>"; };
		6A5373AB2A1BD4DD007E6A08 /* NewAppTests.xctest */ = {isa = PBXFileReference; explicitFileType = wrapper.cfbundle; includeInIndex = 0; path = NewAppTests.xctest; sourceTree = BUILT_PRODUCTS_DIR; };
		6A5373AF2A1BD4DD007E6A08 /* NewAppTests.swift */ = {isa = PBXFileReference; lastKnownFileType = sourcecode.swift; path = NewAppTests.swift; sourceTree = "<group>"; };
		6A5373B52A1BD4DD007E6A08 /* NewAppUITests.xctest */ = {isa = PBXFileReference; explicitFileType = wrapper.cfbundle; includeInIndex = 0; path = NewAppUITests.xctest; sourceTree = BUILT_PRODUCTS_DIR; };
		6A5373B92A1BD4DD007E6A08 /* NewAppUITests.swift */ = {isa = PBXFileReference; lastKnownFileType = sourcecode.swift; path = NewAppUITests.swift; sourceTree = "<group>"; };
		6A5373BB2A1BD4DD007E6A08 /* NewAppUITestsLaunchTests.swift */ = {isa = PBXFileReference; lastKnownFileType = sourcecode.swift; path = NewAppUITestsLaunchTests.swift; sourceTree = "<group>"; };
		6A5373C82A1BD8B2007E6A08 /* APICaller.swift */ = {isa = PBXFileReference; lastKnownFileType = sourcecode.swift; path = APICaller.swift; sourceTree = "<group>"; };
		6AD96CFE2A1E784600FE4A56 /* NewsTableViewCell.swift */ = {isa = PBXFileReference; lastKnownFileType = sourcecode.swift; path = NewsTableViewCell.swift; sourceTree = "<group>"; };
/* End PBXFileReference section */

/* Begin PBXFrameworksBuildPhase section */
		6A5373922A1BD4DC007E6A08 /* Frameworks */ = {
			isa = PBXFrameworksBuildPhase;
			buildActionMask = 2147483647;
			files = (
			);
			runOnlyForDeploymentPostprocessing = 0;
		};
		6A5373A82A1BD4DD007E6A08 /* Frameworks */ = {
			isa = PBXFrameworksBuildPhase;
			buildActionMask = 2147483647;
			files = (
			);
			runOnlyForDeploymentPostprocessing = 0;
		};
		6A5373B22A1BD4DD007E6A08 /* Frameworks */ = {
			isa = PBXFrameworksBuildPhase;
			buildActionMask = 2147483647;
			files = (
			);
			runOnlyForDeploymentPostprocessing = 0;
		};
/* End PBXFrameworksBuildPhase section */

/* Begin PBXGroup section */
		6A53738C2A1BD4DC007E6A08 = {
			isa = PBXGroup;
			children = (
				6A5373972A1BD4DC007E6A08 /* NewApp */,
				6A5373AE2A1BD4DD007E6A08 /* NewAppTests */,
				6A5373B82A1BD4DD007E6A08 /* NewAppUITests */,
				6A5373962A1BD4DC007E6A08 /* Products */,
			);
			sourceTree = "<group>";
		};
		6A5373962A1BD4DC007E6A08 /* Products */ = {
			isa = PBXGroup;
			children = (
				6A5373952A1BD4DC007E6A08 /* NewApp.app */,
				6A5373AB2A1BD4DD007E6A08 /* NewAppTests.xctest */,
				6A5373B52A1BD4DD007E6A08 /* NewAppUITests.xctest */,
			);
			name = Products;
			sourceTree = "<group>";
		};
		6A5373972A1BD4DC007E6A08 /* NewApp */ = {
			isa = PBXGroup;
			children = (
				6A5373982A1BD4DC007E6A08 /* AppDelegate.swift */,
				6A53739A2A1BD4DC007E6A08 /* SceneDelegate.swift */,
				6A53739C2A1BD4DC007E6A08 /* ViewController.swift */,
				6A53739E2A1BD4DC007E6A08 /* Main.storyboard */,
				6A5373A12A1BD4DD007E6A08 /* Assets.xcassets */,
				6A5373A32A1BD4DD007E6A08 /* LaunchScreen.storyboard */,
				6A5373A62A1BD4DD007E6A08 /* Info.plist */,
				6A5373C82A1BD8B2007E6A08 /* APICaller.swift */,
				6AD96CFE2A1E784600FE4A56 /* NewsTableViewCell.swift */,
			);
			path = NewApp;
			sourceTree = "<group>";
		};
		6A5373AE2A1BD4DD007E6A08 /* NewAppTests */ = {
			isa = PBXGroup;
			children = (
				6A5373AF2A1BD4DD007E6A08 /* NewAppTests.swift */,
			);
			path = NewAppTests;
			sourceTree = "<group>";
		};
		6A5373B82A1BD4DD007E6A08 /* NewAppUITests */ = {
			isa = PBXGroup;
			children = (
				6A5373B92A1BD4DD007E6A08 /* NewAppUITests.swift */,
				6A5373BB2A1BD4DD007E6A08 /* NewAppUITestsLaunchTests.swift */,
			);
			path = NewAppUITests;
			sourceTree = "<group>";
		};
/* End PBXGroup section */

/* Begin PBXNativeTarget section */
		6A5373942A1BD4DC007E6A08 /* NewApp */ = {
			isa = PBXNativeTarget;
			buildConfigurationList = 6A5373BF2A1BD4DD007E6A08 /* Build configuration list for PBXNativeTarget "NewApp" */;
			buildPhases = (
				6A5373912A1BD4DC007E6A08 /* Sources */,
				6A5373922A1BD4DC007E6A08 /* Frameworks */,
				6A5373932A1BD4DC007E6A08 /* Resources */,
			);
			buildRules = (
			);
			dependencies = (
			);
			name = NewApp;
			productName = NewApp;
			productReference = 6A5373952A1BD4DC007E6A08 /* NewApp.app */;
			productType = "com.apple.product-type.application";
		};
		6A5373AA2A1BD4DD007E6A08 /* NewAppTests */ = {
			isa = PBXNativeTarget;
			buildConfigurationList = 6A5373C22A1BD4DD007E6A08 /* Build configuration list for PBXNativeTarget "NewAppTests" */;
			buildPhases = (
				6A5373A72A1BD4DD007E6A08 /* Sources */,
				6A5373A82A1BD4DD007E6A08 /* Frameworks */,
				6A5373A92A1BD4DD007E6A08 /* Resources */,
			);
			buildRules = (
			);
			dependencies = (
				6A5373AD2A1BD4DD007E6A08 /* PBXTargetDependency */,
			);
			name = NewAppTests;
			productName = NewAppTests;
			productReference = 6A5373AB2A1BD4DD007E6A08 /* NewAppTests.xctest */;
			productType = "com.apple.product-type.bundle.unit-test";
		};
		6A5373B42A1BD4DD007E6A08 /* NewAppUITests */ = {
			isa = PBXNativeTarget;
			buildConfigurationList = 6A5373C52A1BD4DD007E6A08 /* Build configuration list for PBXNativeTarget "NewAppUITests" */;
			buildPhases = (
				6A5373B12A1BD4DD007E6A08 /* Sources */,
				6A5373B22A1BD4DD007E6A08 /* Frameworks */,
				6A5373B32A1BD4DD007E6A08 /* Resources */,
			);
			buildRules = (
			);
			dependencies = (
				6A5373B72A1BD4DD007E6A08 /* PBXTargetDependency */,
			);
			name = NewAppUITests;
			productName = NewAppUITests;
			productReference = 6A5373B52A1BD4DD007E6A08 /* NewAppUITests.xctest */;
			productType = "com.apple.product-type.bundle.ui-testing";
		};
/* End PBXNativeTarget section */

/* Begin PBXProject section */
		6A53738D2A1BD4DC007E6A08 /* Project object */ = {
			isa = PBXProject;
			attributes = {
				BuildIndependentTargetsInParallel = 1;
				LastSwiftUpdateCheck = 1430;
				LastUpgradeCheck = 1430;
				TargetAttributes = {
					6A5373942A1BD4DC007E6A08 = {
						CreatedOnToolsVersion = 14.3;
					};
					6A5373AA2A1BD4DD007E6A08 = {
						CreatedOnToolsVersion = 14.3;
						TestTargetID = 6A5373942A1BD4DC007E6A08;
					};
					6A5373B42A1BD4DD007E6A08 = {
						CreatedOnToolsVersion = 14.3;
						TestTargetID = 6A5373942A1BD4DC007E6A08;
					};
				};
			};
			buildConfigurationList = 6A5373902A1BD4DC007E6A08 /* Build configuration list for PBXProject "NewApp" */;
			compatibilityVersion = "Xcode 14.0";
			developmentRegion = en;
			hasScannedForEncodings = 0;
			knownRegions = (
				en,
				Base,
			);
			mainGroup = 6A53738C2A1BD4DC007E6A08;
			productRefGroup = 6A5373962A1BD4DC007E6A08 /* Products */;
			projectDirPath = "";
			projectRoot = "";
			targets = (
				6A5373942A1BD4DC007E6A08 /* NewApp */,
				6A5373AA2A1BD4DD007E6A08 /* NewAppTests */,
				6A5373B42A1BD4DD007E6A08 /* NewAppUITests */,
			);
		};
/* End PBXProject section */

/* Begin PBXResourcesBuildPhase section */
		6A5373932A1BD4DC007E6A08 /* Resources */ = {
			isa = PBXResourcesBuildPhase;
			buildActionMask = 2147483647;
			files = (
				6A5373A52A1BD4DD007E6A08 /* LaunchScreen.storyboard in Resources */,
				6A5373A22A1BD4DD007E6A08 /* Assets.xcassets in Resources */,
				6A5373A02A1BD4DC007E6A08 /* Main.storyboard in Resources */,
			);
			runOnlyForDeploymentPostprocessing = 0;
		};
		6A5373A92A1BD4DD007E6A08 /* Resources */ = {
			isa = PBXResourcesBuildPhase;
			buildActionMask = 2147483647;
			files = (
			);
			runOnlyForDeploymentPostprocessing = 0;
		};
		6A5373B32A1BD4DD007E6A08 /* Resources */ = {
			isa = PBXResourcesBuildPhase;
			buildActionMask = 2147483647;
			files = (
			);
			runOnlyForDeploymentPostprocessing = 0;
		};
/* End PBXResourcesBuildPhase section */

/* Begin PBXSourcesBuildPhase section */
		6A5373912A1BD4DC007E6A08 /* Sources */ = {
			isa = PBXSourcesBuildPhase;
			buildActionMask = 2147483647;
			files = (
				6A53739D2A1BD4DC007E6A08 /* ViewController.swift in Sources */,
				6A5373992A1BD4DC007E6A08 /* AppDelegate.swift in Sources */,
				6AD96CFF2A1E784600FE4A56 /* NewsTableViewCell.swift in Sources */,
				6A53739B2A1BD4DC007E6A08 /* SceneDelegate.swift in Sources */,
				6A5373C92A1BD8B2007E6A08 /* APICaller.swift in Sources */,
			);
			runOnlyForDeploymentPostprocessing = 0;
		};
		6A5373A72A1BD4DD007E6A08 /* Sources */ = {
			isa = PBXSourcesBuildPhase;
			buildActionMask = 2147483647;
			files = (
				6A5373B02A1BD4DD007E6A08 /* NewAppTests.swift in Sources */,
			);
			runOnlyForDeploymentPostprocessing = 0;
		};
		6A5373B12A1BD4DD007E6A08 /* Sources */ = {
			isa = PBXSourcesBuildPhase;
			buildActionMask = 2147483647;
			files = (
				6A5373BA2A1BD4DD007E6A08 /* NewAppUITests.swift in Sources */,
				6A5373BC2A1BD4DD007E6A08 /* NewAppUITestsLaunchTests.swift in Sources */,
			);
			runOnlyForDeploymentPostprocessing = 0;
		};
/* End PBXSourcesBuildPhase section */

/* Begin PBXTargetDependency section */
		6A5373AD2A1BD4DD007E6A08 /* PBXTargetDependency */ = {
			isa = PBXTargetDependency;
			target = 6A5373942A1BD4DC007E6A08 /* NewApp */;
			targetProxy = 6A5373AC2A1BD4DD007E6A08 /* PBXContainerItemProxy */;
		};
		6A5373B72A1BD4DD007E6A08 /* PBXTargetDependency */ = {
			isa = PBXTargetDependency;
			target = 6A5373942A1BD4DC007E6A08 /* NewApp */;
			targetProxy = 6A5373B62A1BD4DD007E6A08 /* PBXContainerItemProxy */;
		};
/* End PBXTargetDependency section */

/* Begin PBXVariantGroup section */
		6A53739E2A1BD4DC007E6A08 /* Main.storyboard */ = {
			isa = PBXVariantGroup;
			children = (
				6A53739F2A1BD4DC007E6A08 /* Base */,
			);
			name = Main.storyboard;
			sourceTree = "<group>";
		};
		6A5373A32A1BD4DD007E6A08 /* LaunchScreen.storyboard */ = {
			isa = PBXVariantGroup;
			children = (
				6A5373A42A1BD4DD007E6A08 /* Base */,
			);
			name = LaunchScreen.storyboard;
			sourceTree = "<group>";
		};
/* End PBXVariantGroup section */

/* Begin XCBuildConfiguration section */
		6A5373BD2A1BD4DD007E6A08 /* Debug */ = {
			isa = XCBuildConfiguration;
			buildSettings = {
				ALWAYS_SEARCH_USER_PATHS = NO;
				CLANG_ANALYZER_NONNULL = YES;
				CLANG_ANALYZER_NUMBER_OBJECT_CONVERSION = YES_AGGRESSIVE;
				CLANG_CXX_LANGUAGE_STANDARD = "gnu++20";
				CLANG_ENABLE_MODULES = YES;
				CLANG_ENABLE_OBJC_ARC = YES;
				CLANG_ENABLE_OBJC_WEAK = YES;
				CLANG_WARN_BLOCK_CAPTURE_AUTORELEASING = YES;
				CLANG_WARN_BOOL_CONVERSION = YES;
				CLANG_WARN_COMMA = YES;
				CLANG_WARN_CONSTANT_CONVERSION = YES;
				CLANG_WARN_DEPRECATED_OBJC_IMPLEMENTATIONS = YES;
				CLANG_WARN_DIRECT_OBJC_ISA_USAGE = YES_ERROR;
				CLANG_WARN_DOCUMENTATION_COMMENTS = YES;
				CLANG_WARN_EMPTY_BODY = YES;
				CLANG_WARN_ENUM_CONVERSION = YES;
				CLANG_WARN_INFINITE_RECURSION = YES;
				CLANG_WARN_INT_CONVERSION = YES;
				CLANG_WARN_NON_LITERAL_NULL_CONVERSION = YES;
				CLANG_WARN_OBJC_IMPLICIT_RETAIN_SELF = YES;
				CLANG_WARN_OBJC_LITERAL_CONVERSION = YES;
				CLANG_WARN_OBJC_ROOT_CLASS = YES_ERROR;
				CLANG_WARN_QUOTED_INCLUDE_IN_FRAMEWORK_HEADER = YES;
				CLANG_WARN_RANGE_LOOP_ANALYSIS = YES;
				CLANG_WARN_STRICT_PROTOTYPES = YES;
				CLANG_WARN_SUSPICIOUS_MOVE = YES;
				CLANG_WARN_UNGUARDED_AVAILABILITY = YES_AGGRESSIVE;
				CLANG_WARN_UNREACHABLE_CODE = YES;
				CLANG_WARN__DUPLICATE_METHOD_MATCH = YES;
				COPY_PHASE_STRIP = NO;
				DEBUG_INFORMATION_FORMAT = dwarf;
				ENABLE_STRICT_OBJC_MSGSEND = YES;
				ENABLE_TESTABILITY = YES;
				GCC_C_LANGUAGE_STANDARD = gnu11;
				GCC_DYNAMIC_NO_PIC = NO;
				GCC_NO_COMMON_BLOCKS = YES;
				GCC_OPTIMIZATION_LEVEL = 0;
				GCC_PREPROCESSOR_DEFINITIONS = (
					"DEBUG=1",
					"$(inherited)",
				);
				GCC_WARN_64_TO_32_BIT_CONVERSION = YES;
				GCC_WARN_ABOUT_RETURN_TYPE = YES_ERROR;
				GCC_WARN_UNDECLARED_SELECTOR = YES;
				GCC_WARN_UNINITIALIZED_AUTOS = YES_AGGRESSIVE;
				GCC_WARN_UNUSED_FUNCTION = YES;
				GCC_WARN_UNUSED_VARIABLE = YES;
				IPHONEOS_DEPLOYMENT_TARGET = 16.4;
				MTL_ENABLE_DEBUG_INFO = INCLUDE_SOURCE;
				MTL_FAST_MATH = YES;
				ONLY_ACTIVE_ARCH = YES;
				SDKROOT = iphoneos;
				SWIFT_ACTIVE_COMPILATION_CONDITIONS = DEBUG;
				SWIFT_OPTIMIZATION_LEVEL = "-Onone";
			};
			name = Debug;
		};
		6A5373BE2A1BD4DD007E6A08 /* Release */ = {
			isa = XCBuildConfiguration;
			buildSettings = {
				ALWAYS_SEARCH_USER_PATHS = NO;
				CLANG_ANALYZER_NONNULL = YES;
				CLANG_ANALYZER_NUMBER_OBJECT_CONVERSION = YES_AGGRESSIVE;
				CLANG_CXX_LANGUAGE_STANDARD = "gnu++20";
				CLANG_ENABLE_MODULES = YES;
				CLANG_ENABLE_OBJC_ARC = YES;
				CLANG_ENABLE_OBJC_WEAK = YES;
				CLANG_WARN_BLOCK_CAPTURE_AUTORELEASING = YES;
				CLANG_WARN_BOOL_CONVERSION = YES;
				CLANG_WARN_COMMA = YES;
				CLANG_WARN_CONSTANT_CONVERSION = YES;
				CLANG_WARN_DEPRECATED_OBJC_IMPLEMENTATIONS = YES;
				CLANG_WARN_DIRECT_OBJC_ISA_USAGE = YES_ERROR;
				CLANG_WARN_DOCUMENTATION_COMMENTS = YES;
				CLANG_WARN_EMPTY_BODY = YES;
				CLANG_WARN_ENUM_CONVERSION = YES;
				CLANG_WARN_INFINITE_RECURSION = YES;
				CLANG_WARN_INT_CONVERSION = YES;
				CLANG_WARN_NON_LITERAL_NULL_CONVERSION = YES;
				CLANG_WARN_OBJC_IMPLICIT_RETAIN_SELF = YES;
				CLANG_WARN_OBJC_LITERAL_CONVERSION = YES;
				CLANG_WARN_OBJC_ROOT_CLASS = YES_ERROR;
				CLANG_WARN_QUOTED_INCLUDE_IN_FRAMEWORK_HEADER = YES;
				CLANG_WARN_RANGE_LOOP_ANALYSIS = YES;
				CLANG_WARN_STRICT_PROTOTYPES = YES;
				CLANG_WARN_SUSPICIOUS_MOVE = YES;
				CLANG_WARN_UNGUARDED_AVAILABILITY = YES_AGGRESSIVE;
				CLANG_WARN_UNREACHABLE_CODE = YES;
				CLANG_WARN__DUPLICATE_METHOD_MATCH = YES;
				COPY_PHASE_STRIP = NO;
				DEBUG_INFORMATION_FORMAT = "dwarf-with-dsym";
				ENABLE_NS_ASSERTIONS = NO;
				ENABLE_STRICT_OBJC_MSGSEND = YES;
				GCC_C_LANGUAGE_STANDARD = gnu11;
				GCC_NO_COMMON_BLOCKS = YES;
				GCC_WARN_64_TO_32_BIT_CONVERSION = YES;
				GCC_WARN_ABOUT_RETURN_TYPE = YES_ERROR;
				GCC_WARN_UNDECLARED_SELECTOR = YES;
				GCC_WARN_UNINITIALIZED_AUTOS = YES_AGGRESSIVE;
				GCC_WARN_UNUSED_FUNCTION = YES;
				GCC_WARN_UNUSED_VARIABLE = YES;
				IPHONEOS_DEPLOYMENT_TARGET = 16.4;
				MTL_ENABLE_DEBUG_INFO = NO;
				MTL_FAST_MATH = YES;
				SDKROOT = iphoneos;
				SWIFT_COMPILATION_MODE = wholemodule;
				SWIFT_OPTIMIZATION_LEVEL = "-O";
				VALIDATE_PRODUCT = YES;
			};
			name = Release;
		};
		6A5373C02A1BD4DD007E6A08 /* Debug */ = {
			isa = XCBuildConfiguration;
			buildSettings = {
				ASSETCATALOG_COMPILER_APPICON_NAME = AppIcon;
				ASSETCATALOG_COMPILER_GLOBAL_ACCENT_COLOR_NAME = AccentColor;
				CODE_SIGN_STYLE = Automatic;
				CURRENT_PROJECT_VERSION = 1;
				GENERATE_INFOPLIST_FILE = YES;
				INFOPLIST_FILE = NewApp/Info.plist;
				INFOPLIST_KEY_UIApplicationSupportsIndirectInputEvents = YES;
				INFOPLIST_KEY_UILaunchStoryboardName = LaunchScreen;
				INFOPLIST_KEY_UIMainStoryboardFile = Main;
				INFOPLIST_KEY_UISupportedInterfaceOrientations_iPad = "UIInterfaceOrientationPortrait UIInterfaceOrientationPortraitUpsideDown UIInterfaceOrientationLandscapeLeft UIInterfaceOrientationLandscapeRight";
				INFOPLIST_KEY_UISupportedInterfaceOrientations_iPhone = "UIInterfaceOrientationPortrait UIInterfaceOrientationLandscapeLeft UIInterfaceOrientationLandscapeRight";
				LD_RUNPATH_SEARCH_PATHS = (
					"$(inherited)",
					"@executable_path/Frameworks",
				);
				MARKETING_VERSION = 1.0;
				PRODUCT_BUNDLE_IDENTIFIER = shivam.maheshwari.NewApp;
				PRODUCT_NAME = "$(TARGET_NAME)";
				SWIFT_EMIT_LOC_STRINGS = YES;
				SWIFT_VERSION = 5.0;
				TARGETED_DEVICE_FAMILY = "1,2";
			};
			name = Debug;
		};
		6A5373C12A1BD4DD007E6A08 /* Release */ = {
			isa = XCBuildConfiguration;
			buildSettings = {
				ASSETCATALOG_COMPILER_APPICON_NAME = AppIcon;
				ASSETCATALOG_COMPILER_GLOBAL_ACCENT_COLOR_NAME = AccentColor;
				CODE_SIGN_STYLE = Automatic;
				CURRENT_PROJECT_VERSION = 1;
				GENERATE_INFOPLIST_FILE = YES;
				INFOPLIST_FILE = NewApp/Info.plist;
				INFOPLIST_KEY_UIApplicationSupportsIndirectInputEvents = YES;
				INFOPLIST_KEY_UILaunchStoryboardName = LaunchScreen;
				INFOPLIST_KEY_UIMainStoryboardFile = Main;
				INFOPLIST_KEY_UISupportedInterfaceOrientations_iPad = "UIInterfaceOrientationPortrait UIInterfaceOrientationPortraitUpsideDown UIInterfaceOrientationLandscapeLeft UIInterfaceOrientationLandscapeRight";
				INFOPLIST_KEY_UISupportedInterfaceOrientations_iPhone = "UIInterfaceOrientationPortrait UIInterfaceOrientationLandscapeLeft UIInterfaceOrientationLandscapeRight";
				LD_RUNPATH_SEARCH_PATHS = (
					"$(inherited)",
					"@executable_path/Frameworks",
				);
				MARKETING_VERSION = 1.0;
				PRODUCT_BUNDLE_IDENTIFIER = shivam.maheshwari.NewApp;
				PRODUCT_NAME = "$(TARGET_NAME)";
				SWIFT_EMIT_LOC_STRINGS = YES;
				SWIFT_VERSION = 5.0;
				TARGETED_DEVICE_FAMILY = "1,2";
			};
			name = Release;
		};
		6A5373C32A1BD4DD007E6A08 /* Debug */ = {
			isa = XCBuildConfiguration;
			buildSettings = {
				ALWAYS_EMBED_SWIFT_STANDARD_LIBRARIES = YES;
				BUNDLE_LOADER = "$(TEST_HOST)";
				CODE_SIGN_STYLE = Automatic;
				CURRENT_PROJECT_VERSION = 1;
				GENERATE_INFOPLIST_FILE = YES;
				IPHONEOS_DEPLOYMENT_TARGET = 16.4;
				MARKETING_VERSION = 1.0;
				PRODUCT_BUNDLE_IDENTIFIER = shivam.maheshwari.NewAppTests;
				PRODUCT_NAME = "$(TARGET_NAME)";
				SWIFT_EMIT_LOC_STRINGS = NO;
				SWIFT_VERSION = 5.0;
				TARGETED_DEVICE_FAMILY = "1,2";
				TEST_HOST = "$(BUILT_PRODUCTS_DIR)/NewApp.app/$(BUNDLE_EXECUTABLE_FOLDER_PATH)/NewApp";
			};
			name = Debug;
		};
		6A5373C42A1BD4DD007E6A08 /* Release */ = {
			isa = XCBuildConfiguration;
			buildSettings = {
				ALWAYS_EMBED_SWIFT_STANDARD_LIBRARIES = YES;
				BUNDLE_LOADER = "$(TEST_HOST)";
				CODE_SIGN_STYLE = Automatic;
				CURRENT_PROJECT_VERSION = 1;
				GENERATE_INFOPLIST_FILE = YES;
				IPHONEOS_DEPLOYMENT_TARGET = 16.4;
				MARKETING_VERSION = 1.0;
				PRODUCT_BUNDLE_IDENTIFIER = shivam.maheshwari.NewAppTests;
				PRODUCT_NAME = "$(TARGET_NAME)";
				SWIFT_EMIT_LOC_STRINGS = NO;
				SWIFT_VERSION = 5.0;
				TARGETED_DEVICE_FAMILY = "1,2";
				TEST_HOST = "$(BUILT_PRODUCTS_DIR)/NewApp.app/$(BUNDLE_EXECUTABLE_FOLDER_PATH)/NewApp";
			};
			name = Release;
		};
		6A5373C62A1BD4DD007E6A08 /* Debug */ = {
			isa = XCBuildConfiguration;
			buildSettings = {
				ALWAYS_EMBED_SWIFT_STANDARD_LIBRARIES = YES;
				CODE_SIGN_STYLE = Automatic;
				CURRENT_PROJECT_VERSION = 1;
				GENERATE_INFOPLIST_FILE = YES;
				MARKETING_VERSION = 1.0;
				PRODUCT_BUNDLE_IDENTIFIER = shivam.maheshwari.NewAppUITests;
				PRODUCT_NAME = "$(TARGET_NAME)";
				SWIFT_EMIT_LOC_STRINGS = NO;
				SWIFT_VERSION = 5.0;
				TARGETED_DEVICE_FAMILY = "1,2";
				TEST_TARGET_NAME = NewApp;
			};
			name = Debug;
		};
		6A5373C72A1BD4DD007E6A08 /* Release */ = {
			isa = XCBuildConfiguration;
			buildSettings = {
				ALWAYS_EMBED_SWIFT_STANDARD_LIBRARIES = YES;
				CODE_SIGN_STYLE = Automatic;
				CURRENT_PROJECT_VERSION = 1;
				GENERATE_INFOPLIST_FILE = YES;
				MARKETING_VERSION = 1.0;
				PRODUCT_BUNDLE_IDENTIFIER = shivam.maheshwari.NewAppUITests;
				PRODUCT_NAME = "$(TARGET_NAME)";
				SWIFT_EMIT_LOC_STRINGS = NO;
				SWIFT_VERSION = 5.0;
				TARGETED_DEVICE_FAMILY = "1,2";
				TEST_TARGET_NAME = NewApp;
			};
			name = Release;
		};
/* End XCBuildConfiguration section */

/* Begin XCConfigurationList section */
		6A5373902A1BD4DC007E6A08 /* Build configuration list for PBXProject "NewApp" */ = {
			isa = XCConfigurationList;
			buildConfigurations = (
				6A5373BD2A1BD4DD007E6A08 /* Debug */,
				6A5373BE2A1BD4DD007E6A08 /* Release */,
			);
			defaultConfigurationIsVisible = 0;
			defaultConfigurationName = Release;
		};
		6A5373BF2A1BD4DD007E6A08 /* Build configuration list for PBXNativeTarget "NewApp" */ = {
			isa = XCConfigurationList;
			buildConfigurations = (
				6A5373C02A1BD4DD007E6A08 /* Debug */,
				6A5373C12A1BD4DD007E6A08 /* Release */,
			);
			defaultConfigurationIsVisible = 0;
			defaultConfigurationName = Release;
		};
		6A5373C22A1BD4DD007E6A08 /* Build configuration list for PBXNativeTarget "NewAppTests" */ = {
			isa = XCConfigurationList;
			buildConfigurations = (
				6A5373C32A1BD4DD007E6A08 /* Debug */,
				6A5373C42A1BD4DD007E6A08 /* Release */,
			);
			defaultConfigurationIsVisible = 0;
			defaultConfigurationName = Release;
		};
		6A5373C52A1BD4DD007E6A08 /* Build configuration list for PBXNativeTarget "NewAppUITests" */ = {
			isa = XCConfigurationList;
			buildConfigurations = (
				6A5373C62A1BD4DD007E6A08 /* Debug */,
				6A5373C72A1BD4DD007E6A08 /* Release */,
			);
			defaultConfigurationIsVisible = 0;
			defaultConfigurationName = Release;
		};
/* End XCConfigurationList section */
	};
	rootObject = 6A53738D2A1BD4DC007E6A08 /* Project object */;
}
